
Microsoft Visual Studio Solution File, Format Version 12.00
# Visual Studio Version 17
VisualStudioVersion = 17.14.36202.13 d17.14
MinimumVisualStudioVersion = 10.0.40219.1
Project("{FAE04EC0-301F-11D3-BF4B-00C04F79EFBC}") = "IFiV2", "IFiV2\IFiV2\IFiV2.csproj", "{B72480BF-2053-451B-8E3B-9EF4D371BF6D}"
EndProject
Project("{FAE04EC0-301F-11D3-BF4B-00C04F79EFBC}") = "IFiV2.Shared", "IFiV2\IFiV2.Shared\IFiV2.Shared.csproj", "{8B4915B5-0E29-4DD2-89A6-0BF219E2B853}"
EndProject
Global
	GlobalSection(SolutionConfigurationPlatforms) = preSolution
		Debug|Any CPU = Debug|Any CPU
		Release|Any CPU = Release|Any CPU
	EndGlobalSection
	GlobalSection(ProjectConfigurationPlatforms) = postSolution
		{B72480BF-2053-451B-8E3B-9EF4D371BF6D}.Debug|Any CPU.ActiveCfg = Debug|Any CPU
		{B72480BF-2053-451B-8E3B-9EF4D371BF6D}.Debug|Any CPU.Build.0 = Debug|Any CPU
		{B72480BF-2053-451B-8E3B-9EF4D371BF6D}.Debug|Any CPU.Deploy.0 = Debug|Any CPU
		{B72480BF-2053-451B-8E3B-9EF4D371BF6D}.Release|Any CPU.ActiveCfg = Release|Any CPU
		{B72480BF-2053-451B-8E3B-9EF4D371BF6D}.Release|Any CPU.Build.0 = Release|Any CPU
		{8B4915B5-0E29-4DD2-89A6-0BF219E2B853}.Debug|Any CPU.ActiveCfg = Debug|Any CPU
		{8B4915B5-0E29-4DD2-89A6-0BF219E2B853}.Debug|Any CPU.Build.0 = Debug|Any CPU
		{8B4915B5-0E29-4DD2-89A6-0BF219E2B853}.Release|Any CPU.ActiveCfg = Release|Any CPU
		{8B4915B5-0E29-4DD2-89A6-0BF219E2B853}.Release|Any CPU.Build.0 = Release|Any CPU
	EndGlobalSection
	GlobalSection(SolutionProperties) = preSolution
		HideSolutionNode = FALSE
	EndGlobalSection
	GlobalSection(ExtensibilityGlobals) = postSolution
		SolutionGuid = {E0B8CF3D-6ECA-473F-ADD0-99735745898C}
	EndGlobalSection
EndGlobal
